// !$*UTF8*$!
{
	archiveVersion = 1;
	classes = {
	};
	objectVersion = 56;
	objects = {

/* Begin PBXBuildFile section */
		8C4D16F33B6710342F736F7B /* Pods_Swift_tutorial_RxSwift.framework in Frameworks */ = {isa = PBXBuildFile; fileRef = 300CF0B4A3CC9D63EF685E46 /* Pods_Swift_tutorial_RxSwift.framework */; };
		C514EB382A57AFA800CF5BB6 /* AppDelegate.swift in Sources */ = {isa = PBXBuildFile; fileRef = C514EB372A57AFA800CF5BB6 /* AppDelegate.swift */; };
		C514EB3A2A57AFA800CF5BB6 /* SceneDelegate.swift in Sources */ = {isa = PBXBuildFile; fileRef = C514EB392A57AFA800CF5BB6 /* SceneDelegate.swift */; };
		C514EB3C2A57AFA800CF5BB6 /* ViewController.swift in Sources */ = {isa = PBXBuildFile; fileRef = C514EB3B2A57AFA800CF5BB6 /* ViewController.swift */; };
		C514EB3F2A57AFA800CF5BB6 /* Main.storyboard in Resources */ = {isa = PBXBuildFile; fileRef = C514EB3D2A57AFA800CF5BB6 /* Main.storyboard */; };
		C514EB412A57AFAF00CF5BB6 /* Assets.xcassets in Resources */ = {isa = PBXBuildFile; fileRef = C514EB402A57AFAF00CF5BB6 /* Assets.xcassets */; };
		C514EB442A57AFAF00CF5BB6 /* LaunchScreen.storyboard in Resources */ = {isa = PBXBuildFile; fileRef = C514EB422A57AFAF00CF5BB6 /* LaunchScreen.storyboard */; };
		C514EB532A57B3C600CF5BB6 /* LoginViewController.swift in Sources */ = {isa = PBXBuildFile; fileRef = C514EB522A57B3C600CF5BB6 /* LoginViewController.swift */; };
		C514EB552A57BA1D00CF5BB6 /* LoginViewModel.swift in Sources */ = {isa = PBXBuildFile; fileRef = C514EB542A57BA1D00CF5BB6 /* LoginViewModel.swift */; };
		C514EB572A57D90D00CF5BB6 /* UserModel.swift in Sources */ = {isa = PBXBuildFile; fileRef = C514EB562A57D90D00CF5BB6 /* UserModel.swift */; };
		C514EB592A57DA6B00CF5BB6 /* MainViewModel.swift in Sources */ = {isa = PBXBuildFile; fileRef = C514EB582A57DA6B00CF5BB6 /* MainViewModel.swift */; };
/* End PBXBuildFile section */

/* Begin PBXFileReference section */
		0FA573E0AC590EC713ABC8E8 /* Pods-Swift_tutorial_RxSwift.debug.xcconfig */ = {isa = PBXFileReference; includeInIndex = 1; lastKnownFileType = text.xcconfig; name = "Pods-Swift_tutorial_RxSwift.debug.xcconfig"; path = "Target Support Files/Pods-Swift_tutorial_RxSwift/Pods-Swift_tutorial_RxSwift.debug.xcconfig"; sourceTree = "<group>"; };
		300CF0B4A3CC9D63EF685E46 /* Pods_Swift_tutorial_RxSwift.framework */ = {isa = PBXFileReference; explicitFileType = wrapper.framework; includeInIndex = 0; path = Pods_Swift_tutorial_RxSwift.framework; sourceTree = BUILT_PRODUCTS_DIR; };
		79F2BC6FD14301D81E90AC60 /* Pods-Swift_tutorial_RxSwift.release.xcconfig */ = {isa = PBXFileReference; includeInIndex = 1; lastKnownFileType = text.xcconfig; name = "Pods-Swift_tutorial_RxSwift.release.xcconfig"; path = "Target Support Files/Pods-Swift_tutorial_RxSwift/Pods-Swift_tutorial_RxSwift.release.xcconfig"; sourceTree = "<group>"; };
		C514EB342A57AFA800CF5BB6 /* Swift_tutorial_RxSwift.app */ = {isa = PBXFileReference; explicitFileType = wrapper.application; includeInIndex = 0; path = Swift_tutorial_RxSwift.app; sourceTree = BUILT_PRODUCTS_DIR; };
		C514EB372A57AFA800CF5BB6 /* AppDelegate.swift */ = {isa = PBXFileReference; lastKnownFileType = sourcecode.swift; path = AppDelegate.swift; sourceTree = "<group>"; };
		C514EB392A57AFA800CF5BB6 /* SceneDelegate.swift */ = {isa = PBXFileReference; lastKnownFileType = sourcecode.swift; path = SceneDelegate.swift; sourceTree = "<group>"; };
		C514EB3B2A57AFA800CF5BB6 /* ViewController.swift */ = {isa = PBXFileReference; lastKnownFileType = sourcecode.swift; path = ViewController.swift; sourceTree = "<group>"; };
		C514EB3E2A57AFA800CF5BB6 /* Base */ = {isa = PBXFileReference; lastKnownFileType = file.storyboard; name = Base; path = Base.lproj/Main.storyboard; sourceTree = "<group>"; };
		C514EB402A57AFAF00CF5BB6 /* Assets.xcassets */ = {isa = PBXFileReference; lastKnownFileType = folder.assetcatalog; path = Assets.xcassets; sourceTree = "<group>"; };
		C514EB432A57AFAF00CF5BB6 /* Base */ = {isa = PBXFileReference; lastKnownFileType = file.storyboard; name = Base; path = Base.lproj/LaunchScreen.storyboard; sourceTree = "<group>"; };
		C514EB452A57AFAF00CF5BB6 /* Info.plist */ = {isa = PBXFileReference; lastKnownFileType = text.plist.xml; path = Info.plist; sourceTree = "<group>"; };
		C514EB522A57B3C600CF5BB6 /* LoginViewController.swift */ = {isa = PBXFileReference; lastKnownFileType = sourcecode.swift; path = LoginViewController.swift; sourceTree = "<group>"; };
		C514EB542A57BA1D00CF5BB6 /* LoginViewModel.swift */ = {isa = PBXFileReference; lastKnownFileType = sourcecode.swift; path = LoginViewModel.swift; sourceTree = "<group>"; };
		C514EB562A57D90D00CF5BB6 /* UserModel.swift */ = {isa = PBXFileReference; lastKnownFileType = sourcecode.swift; path = UserModel.swift; sourceTree = "<group>"; };
		C514EB582A57DA6B00CF5BB6 /* MainViewModel.swift */ = {isa = PBXFileReference; lastKnownFileType = sourcecode.swift; path = MainViewModel.swift; sourceTree = "<group>"; };
/* End PBXFileReference section */

/* Begin PBXFrameworksBuildPhase section */
		C514EB312A57AFA800CF5BB6 /* Frameworks */ = {
			isa = PBXFrameworksBuildPhase;
			buildActionMask = 2147483647;
			files = (
				8C4D16F33B6710342F736F7B /* Pods_Swift_tutorial_RxSwift.framework in Frameworks */,
			);
			runOnlyForDeploymentPostprocessing = 0;
		};
/* End PBXFrameworksBuildPhase section */

/* Begin PBXGroup section */
		3DC87CDB2F751C76FA7C69C2 /* Frameworks */ = {
			isa = PBXGroup;
			children = (
				300CF0B4A3CC9D63EF685E46 /* Pods_Swift_tutorial_RxSwift.framework */,
			);
			name = Frameworks;
			sourceTree = "<group>";
		};
		BE6B8F9288DEB2A1C99E2F43 /* Pods */ = {
			isa = PBXGroup;
			children = (
				0FA573E0AC590EC713ABC8E8 /* Pods-Swift_tutorial_RxSwift.debug.xcconfig */,
				79F2BC6FD14301D81E90AC60 /* Pods-Swift_tutorial_RxSwift.release.xcconfig */,
			);
			path = Pods;
			sourceTree = "<group>";
		};
		C514EB2B2A57AFA700CF5BB6 = {
			isa = PBXGroup;
			children = (
				C514EB362A57AFA800CF5BB6 /* Swift_tutorial_RxSwift */,
				C514EB352A57AFA800CF5BB6 /* Products */,
				BE6B8F9288DEB2A1C99E2F43 /* Pods */,
				3DC87CDB2F751C76FA7C69C2 /* Frameworks */,
			);
			sourceTree = "<group>";
		};
		C514EB352A57AFA800CF5BB6 /* Products */ = {
			isa = PBXGroup;
			children = (
				C514EB342A57AFA800CF5BB6 /* Swift_tutorial_RxSwift.app */,
			);
			name = Products;
			sourceTree = "<group>";
		};
		C514EB362A57AFA800CF5BB6 /* Swift_tutorial_RxSwift */ = {
			isa = PBXGroup;
			children = (
				C514EB4B2A57B21F00CF5BB6 /* Common  */,
				C514EB4F2A57B25C00CF5BB6 /* Model */,
				C514EB4C2A57B23000CF5BB6 /* Controller */,
				C514EB4E2A57B24E00CF5BB6 /* ViewModel */,
				C514EB4D2A57B23C00CF5BB6 /* View */,
				C514EB402A57AFAF00CF5BB6 /* Assets.xcassets */,
				C514EB422A57AFAF00CF5BB6 /* LaunchScreen.storyboard */,
				C514EB452A57AFAF00CF5BB6 /* Info.plist */,
			);
			path = Swift_tutorial_RxSwift;
			sourceTree = "<group>";
		};
		C514EB4B2A57B21F00CF5BB6 /* Common  */ = {
			isa = PBXGroup;
			children = (
				C514EB372A57AFA800CF5BB6 /* AppDelegate.swift */,
				C514EB392A57AFA800CF5BB6 /* SceneDelegate.swift */,
			);
			path = "Common ";
			sourceTree = "<group>";
		};
		C514EB4C2A57B23000CF5BB6 /* Controller */ = {
			isa = PBXGroup;
			children = (
				C514EB3B2A57AFA800CF5BB6 /* ViewController.swift */,
				C514EB522A57B3C600CF5BB6 /* LoginViewController.swift */,
			);
			path = Controller;
			sourceTree = "<group>";
		};
		C514EB4D2A57B23C00CF5BB6 /* View */ = {
			isa = PBXGroup;
			children = (
				C514EB3D2A57AFA800CF5BB6 /* Main.storyboard */,
			);
			path = View;
			sourceTree = "<group>";
		};
		C514EB4E2A57B24E00CF5BB6 /* ViewModel */ = {
			isa = PBXGroup;
			children = (
				C514EB542A57BA1D00CF5BB6 /* LoginViewModel.swift */,
				C514EB582A57DA6B00CF5BB6 /* MainViewModel.swift */,
			);
			path = ViewModel;
			sourceTree = "<group>";
		};
		C514EB4F2A57B25C00CF5BB6 /* Model */ = {
			isa = PBXGroup;
			children = (
				C514EB562A57D90D00CF5BB6 /* UserModel.swift */,
			);
			path = Model;
			sourceTree = "<group>";
		};
/* End PBXGroup section */

/* Begin PBXNativeTarget section */
		C514EB332A57AFA800CF5BB6 /* Swift_tutorial_RxSwift */ = {
			isa = PBXNativeTarget;
			buildConfigurationList = C514EB482A57AFAF00CF5BB6 /* Build configuration list for PBXNativeTarget "Swift_tutorial_RxSwift" */;
			buildPhases = (
				40EAB04CE2CD642518B67B38 /* [CP] Check Pods Manifest.lock */,
				C514EB302A57AFA800CF5BB6 /* Sources */,
				C514EB312A57AFA800CF5BB6 /* Frameworks */,
				C514EB322A57AFA800CF5BB6 /* Resources */,
				42B796FD2EB3980F70629176 /* [CP] Embed Pods Frameworks */,
			);
			buildRules = (
			);
			dependencies = (
			);
			name = Swift_tutorial_RxSwift;
			productName = Swift_tutorial_RxSwift;
			productReference = C514EB342A57AFA800CF5BB6 /* Swift_tutorial_RxSwift.app */;
			productType = "com.apple.product-type.application";
		};
/* End PBXNativeTarget section */

/* Begin PBXProject section */
		C514EB2C2A57AFA700CF5BB6 /* Project object */ = {
			isa = PBXProject;
			attributes = {
				BuildIndependentTargetsInParallel = 1;
				LastSwiftUpdateCheck = 1420;
				LastUpgradeCheck = 1420;
				TargetAttributes = {
					C514EB332A57AFA800CF5BB6 = {
						CreatedOnToolsVersion = 14.2;
					};
				};
			};
			buildConfigurationList = C514EB2F2A57AFA700CF5BB6 /* Build configuration list for PBXProject "Swift_tutorial_RxSwift" */;
			compatibilityVersion = "Xcode 14.0";
			developmentRegion = en;
			hasScannedForEncodings = 0;
			knownRegions = (
				en,
				Base,
			);
			mainGroup = C514EB2B2A57AFA700CF5BB6;
			productRefGroup = C514EB352A57AFA800CF5BB6 /* Products */;
			projectDirPath = "";
			projectRoot = "";
			targets = (
				C514EB332A57AFA800CF5BB6 /* Swift_tutorial_RxSwift */,
			);
		};
/* End PBXProject section */

/* Begin PBXResourcesBuildPhase section */
		C514EB322A57AFA800CF5BB6 /* Resources */ = {
			isa = PBXResourcesBuildPhase;
			buildActionMask = 2147483647;
			files = (
				C514EB442A57AFAF00CF5BB6 /* LaunchScreen.storyboard in Resources */,
				C514EB412A57AFAF00CF5BB6 /* Assets.xcassets in Resources */,
				C514EB3F2A57AFA800CF5BB6 /* Main.storyboard in Resources */,
			);
			runOnlyForDeploymentPostprocessing = 0;
		};
/* End PBXResourcesBuildPhase section */

/* Begin PBXShellScriptBuildPhase section */
		40EAB04CE2CD642518B67B38 /* [CP] Check Pods Manifest.lock */ = {
			isa = PBXShellScriptBuildPhase;
			buildActionMask = 2147483647;
			files = (
			);
			inputFileListPaths = (
			);
			inputPaths = (
				"${PODS_PODFILE_DIR_PATH}/Podfile.lock",
				"${PODS_ROOT}/Manifest.lock",
			);
			name = "[CP] Check Pods Manifest.lock";
			outputFileListPaths = (
			);
			outputPaths = (
				"$(DERIVED_FILE_DIR)/Pods-Swift_tutorial_RxSwift-checkManifestLockResult.txt",
			);
			runOnlyForDeploymentPostprocessing = 0;
			shellPath = /bin/sh;
			shellScript = "diff \"${PODS_PODFILE_DIR_PATH}/Podfile.lock\" \"${PODS_ROOT}/Manifest.lock\" > /dev/null\nif [ $? != 0 ] ; then\n    # print error to STDERR\n    echo \"error: The sandbox is not in sync with the Podfile.lock. Run 'pod install' or update your CocoaPods installation.\" >&2\n    exit 1\nfi\n# This output is used by Xcode 'outputs' to avoid re-running this script phase.\necho \"SUCCESS\" > \"${SCRIPT_OUTPUT_FILE_0}\"\n";
			showEnvVarsInLog = 0;
		};
		42B796FD2EB3980F70629176 /* [CP] Embed Pods Frameworks */ = {
			isa = PBXShellScriptBuildPhase;
			buildActionMask = 2147483647;
			files = (
			);
			inputFileListPaths = (
				"${PODS_ROOT}/Target Support Files/Pods-Swift_tutorial_RxSwift/Pods-Swift_tutorial_RxSwift-frameworks-${CONFIGURATION}-input-files.xcfilelist",
			);
			name = "[CP] Embed Pods Frameworks";
			outputFileListPaths = (
				"${PODS_ROOT}/Target Support Files/Pods-Swift_tutorial_RxSwift/Pods-Swift_tutorial_RxSwift-frameworks-${CONFIGURATION}-output-files.xcfilelist",
			);
			runOnlyForDeploymentPostprocessing = 0;
			shellPath = /bin/sh;
			shellScript = "\"${PODS_ROOT}/Target Support Files/Pods-Swift_tutorial_RxSwift/Pods-Swift_tutorial_RxSwift-frameworks.sh\"\n";
			showEnvVarsInLog = 0;
		};
/* End PBXShellScriptBuildPhase section */

/* Begin PBXSourcesBuildPhase section */
		C514EB302A57AFA800CF5BB6 /* Sources */ = {
			isa = PBXSourcesBuildPhase;
			buildActionMask = 2147483647;
			files = (
				C514EB592A57DA6B00CF5BB6 /* MainViewModel.swift in Sources */,
				C514EB532A57B3C600CF5BB6 /* LoginViewController.swift in Sources */,
				C514EB3C2A57AFA800CF5BB6 /* ViewController.swift in Sources */,
				C514EB382A57AFA800CF5BB6 /* AppDelegate.swift in Sources */,
				C514EB552A57BA1D00CF5BB6 /* LoginViewModel.swift in Sources */,
				C514EB572A57D90D00CF5BB6 /* UserModel.swift in Sources */,
				C514EB3A2A57AFA800CF5BB6 /* SceneDelegate.swift in Sources */,
			);
			runOnlyForDeploymentPostprocessing = 0;
		};
/* End PBXSourcesBuildPhase section */

/* Begin PBXVariantGroup section */
		C514EB3D2A57AFA800CF5BB6 /* Main.storyboard */ = {
			isa = PBXVariantGroup;
			children = (
				C514EB3E2A57AFA800CF5BB6 /* Base */,
			);
			name = Main.storyboard;
			sourceTree = "<group>";
		};
		C514EB422A57AFAF00CF5BB6 /* LaunchScreen.storyboard */ = {
			isa = PBXVariantGroup;
			children = (
				C514EB432A57AFAF00CF5BB6 /* Base */,
			);
			name = LaunchScreen.storyboard;
			sourceTree = "<group>";
		};
/* End PBXVariantGroup section */

/* Begin XCBuildConfiguration section */
		C514EB462A57AFAF00CF5BB6 /* Debug */ = {
			isa = XCBuildConfiguration;
			buildSettings = {
				ALWAYS_SEARCH_USER_PATHS = NO;
				CLANG_ANALYZER_NONNULL = YES;
				CLANG_ANALYZER_NUMBER_OBJECT_CONVERSION = YES_AGGRESSIVE;
				CLANG_CXX_LANGUAGE_STANDARD = "gnu++20";
				CLANG_ENABLE_MODULES = YES;
				CLANG_ENABLE_OBJC_ARC = YES;
				CLANG_ENABLE_OBJC_WEAK = YES;
				CLANG_WARN_BLOCK_CAPTURE_AUTORELEASING = YES;
				CLANG_WARN_BOOL_CONVERSION = YES;
				CLANG_WARN_COMMA = YES;
				CLANG_WARN_CONSTANT_CONVERSION = YES;
				CLANG_WARN_DEPRECATED_OBJC_IMPLEMENTATIONS = YES;
				CLANG_WARN_DIRECT_OBJC_ISA_USAGE = YES_ERROR;
				CLANG_WARN_DOCUMENTATION_COMMENTS = YES;
				CLANG_WARN_EMPTY_BODY = YES;
				CLANG_WARN_ENUM_CONVERSION = YES;
				CLANG_WARN_INFINITE_RECURSION = YES;
				CLANG_WARN_INT_CONVERSION = YES;
				CLANG_WARN_NON_LITERAL_NULL_CONVERSION = YES;
				CLANG_WARN_OBJC_IMPLICIT_RETAIN_SELF = YES;
				CLANG_WARN_OBJC_LITERAL_CONVERSION = YES;
				CLANG_WARN_OBJC_ROOT_CLASS = YES_ERROR;
				CLANG_WARN_QUOTED_INCLUDE_IN_FRAMEWORK_HEADER = YES;
				CLANG_WARN_RANGE_LOOP_ANALYSIS = YES;
				CLANG_WARN_STRICT_PROTOTYPES = YES;
				CLANG_WARN_SUSPICIOUS_MOVE = YES;
				CLANG_WARN_UNGUARDED_AVAILABILITY = YES_AGGRESSIVE;
				CLANG_WARN_UNREACHABLE_CODE = YES;
				CLANG_WARN__DUPLICATE_METHOD_MATCH = YES;
				COPY_PHASE_STRIP = NO;
				DEBUG_INFORMATION_FORMAT = dwarf;
				ENABLE_STRICT_OBJC_MSGSEND = YES;
				ENABLE_TESTABILITY = YES;
				GCC_C_LANGUAGE_STANDARD = gnu11;
				GCC_DYNAMIC_NO_PIC = NO;
				GCC_NO_COMMON_BLOCKS = YES;
				GCC_OPTIMIZATION_LEVEL = 0;
				GCC_PREPROCESSOR_DEFINITIONS = (
					"DEBUG=1",
					"$(inherited)",
				);
				GCC_WARN_64_TO_32_BIT_CONVERSION = YES;
				GCC_WARN_ABOUT_RETURN_TYPE = YES_ERROR;
				GCC_WARN_UNDECLARED_SELECTOR = YES;
				GCC_WARN_UNINITIALIZED_AUTOS = YES_AGGRESSIVE;
				GCC_WARN_UNUSED_FUNCTION = YES;
				GCC_WARN_UNUSED_VARIABLE = YES;
				IPHONEOS_DEPLOYMENT_TARGET = 16.2;
				MTL_ENABLE_DEBUG_INFO = INCLUDE_SOURCE;
				MTL_FAST_MATH = YES;
				ONLY_ACTIVE_ARCH = YES;
				SDKROOT = iphoneos;
				SWIFT_ACTIVE_COMPILATION_CONDITIONS = DEBUG;
				SWIFT_OPTIMIZATION_LEVEL = "-Onone";
			};
			name = Debug;
		};
		C514EB472A57AFAF00CF5BB6 /* Release */ = {
			isa = XCBuildConfiguration;
			buildSettings = {
				ALWAYS_SEARCH_USER_PATHS = NO;
				CLANG_ANALYZER_NONNULL = YES;
				CLANG_ANALYZER_NUMBER_OBJECT_CONVERSION = YES_AGGRESSIVE;
				CLANG_CXX_LANGUAGE_STANDARD = "gnu++20";
				CLANG_ENABLE_MODULES = YES;
				CLANG_ENABLE_OBJC_ARC = YES;
				CLANG_ENABLE_OBJC_WEAK = YES;
				CLANG_WARN_BLOCK_CAPTURE_AUTORELEASING = YES;
				CLANG_WARN_BOOL_CONVERSION = YES;
				CLANG_WARN_COMMA = YES;
				CLANG_WARN_CONSTANT_CONVERSION = YES;
				CLANG_WARN_DEPRECATED_OBJC_IMPLEMENTATIONS = YES;
				CLANG_WARN_DIRECT_OBJC_ISA_USAGE = YES_ERROR;
				CLANG_WARN_DOCUMENTATION_COMMENTS = YES;
				CLANG_WARN_EMPTY_BODY = YES;
				CLANG_WARN_ENUM_CONVERSION = YES;
				CLANG_WARN_INFINITE_RECURSION = YES;
				CLANG_WARN_INT_CONVERSION = YES;
				CLANG_WARN_NON_LITERAL_NULL_CONVERSION = YES;
				CLANG_WARN_OBJC_IMPLICIT_RETAIN_SELF = YES;
				CLANG_WARN_OBJC_LITERAL_CONVERSION = YES;
				CLANG_WARN_OBJC_ROOT_CLASS = YES_ERROR;
				CLANG_WARN_QUOTED_INCLUDE_IN_FRAMEWORK_HEADER = YES;
				CLANG_WARN_RANGE_LOOP_ANALYSIS = YES;
				CLANG_WARN_STRICT_PROTOTYPES = YES;
				CLANG_WARN_SUSPICIOUS_MOVE = YES;
				CLANG_WARN_UNGUARDED_AVAILABILITY = YES_AGGRESSIVE;
				CLANG_WARN_UNREACHABLE_CODE = YES;
				CLANG_WARN__DUPLICATE_METHOD_MATCH = YES;
				COPY_PHASE_STRIP = NO;
				DEBUG_INFORMATION_FORMAT = "dwarf-with-dsym";
				ENABLE_NS_ASSERTIONS = NO;
				ENABLE_STRICT_OBJC_MSGSEND = YES;
				GCC_C_LANGUAGE_STANDARD = gnu11;
				GCC_NO_COMMON_BLOCKS = YES;
				GCC_WARN_64_TO_32_BIT_CONVERSION = YES;
				GCC_WARN_ABOUT_RETURN_TYPE = YES_ERROR;
				GCC_WARN_UNDECLARED_SELECTOR = YES;
				GCC_WARN_UNINITIALIZED_AUTOS = YES_AGGRESSIVE;
				GCC_WARN_UNUSED_FUNCTION = YES;
				GCC_WARN_UNUSED_VARIABLE = YES;
				IPHONEOS_DEPLOYMENT_TARGET = 16.2;
				MTL_ENABLE_DEBUG_INFO = NO;
				MTL_FAST_MATH = YES;
				SDKROOT = iphoneos;
				SWIFT_COMPILATION_MODE = wholemodule;
				SWIFT_OPTIMIZATION_LEVEL = "-O";
				VALIDATE_PRODUCT = YES;
			};
			name = Release;
		};
		C514EB492A57AFAF00CF5BB6 /* Debug */ = {
			isa = XCBuildConfiguration;
			baseConfigurationReference = 0FA573E0AC590EC713ABC8E8 /* Pods-Swift_tutorial_RxSwift.debug.xcconfig */;
			buildSettings = {
				ASSETCATALOG_COMPILER_APPICON_NAME = AppIcon;
				ASSETCATALOG_COMPILER_GLOBAL_ACCENT_COLOR_NAME = AccentColor;
				CODE_SIGN_STYLE = Automatic;
				CURRENT_PROJECT_VERSION = 1;
				GENERATE_INFOPLIST_FILE = YES;
				INFOPLIST_FILE = Swift_tutorial_RxSwift/Info.plist;
				INFOPLIST_KEY_UIApplicationSupportsIndirectInputEvents = YES;
				INFOPLIST_KEY_UILaunchStoryboardName = LaunchScreen;
				INFOPLIST_KEY_UIMainStoryboardFile = Main;
				INFOPLIST_KEY_UISupportedInterfaceOrientations_iPad = "UIInterfaceOrientationPortrait UIInterfaceOrientationPortraitUpsideDown UIInterfaceOrientationLandscapeLeft UIInterfaceOrientationLandscapeRight";
				INFOPLIST_KEY_UISupportedInterfaceOrientations_iPhone = "UIInterfaceOrientationPortrait UIInterfaceOrientationLandscapeLeft UIInterfaceOrientationLandscapeRight";
				LD_RUNPATH_SEARCH_PATHS = (
					"$(inherited)",
					"@executable_path/Frameworks",
				);
				MARKETING_VERSION = 1.0;
				PRODUCT_BUNDLE_IDENTIFIER = "com.swift-tutorial.Swift-tutorial-RxSwift";
				PRODUCT_NAME = "$(TARGET_NAME)";
				SWIFT_EMIT_LOC_STRINGS = YES;
				SWIFT_VERSION = 5.0;
				TARGETED_DEVICE_FAMILY = "1,2";
			};
			name = Debug;
		};
		C514EB4A2A57AFAF00CF5BB6 /* Release */ = {
			isa = XCBuildConfiguration;
			baseConfigurationReference = 79F2BC6FD14301D81E90AC60 /* Pods-Swift_tutorial_RxSwift.release.xcconfig */;
			buildSettings = {
				ASSETCATALOG_COMPILER_APPICON_NAME = AppIcon;
				ASSETCATALOG_COMPILER_GLOBAL_ACCENT_COLOR_NAME = AccentColor;
				CODE_SIGN_STYLE = Automatic;
				CURRENT_PROJECT_VERSION = 1;
				GENERATE_INFOPLIST_FILE = YES;
				INFOPLIST_FILE = Swift_tutorial_RxSwift/Info.plist;
				INFOPLIST_KEY_UIApplicationSupportsIndirectInputEvents = YES;
				INFOPLIST_KEY_UILaunchStoryboardName = LaunchScreen;
				INFOPLIST_KEY_UIMainStoryboardFile = Main;
				INFOPLIST_KEY_UISupportedInterfaceOrientations_iPad = "UIInterfaceOrientationPortrait UIInterfaceOrientationPortraitUpsideDown UIInterfaceOrientationLandscapeLeft UIInterfaceOrientationLandscapeRight";
				INFOPLIST_KEY_UISupportedInterfaceOrientations_iPhone = "UIInterfaceOrientationPortrait UIInterfaceOrientationLandscapeLeft UIInterfaceOrientationLandscapeRight";
				LD_RUNPATH_SEARCH_PATHS = (
					"$(inherited)",
					"@executable_path/Frameworks",
				);
				MARKETING_VERSION = 1.0;
				PRODUCT_BUNDLE_IDENTIFIER = "com.swift-tutorial.Swift-tutorial-RxSwift";
				PRODUCT_NAME = "$(TARGET_NAME)";
				SWIFT_EMIT_LOC_STRINGS = YES;
				SWIFT_VERSION = 5.0;
				TARGETED_DEVICE_FAMILY = "1,2";
			};
			name = Release;
		};
/* End XCBuildConfiguration section */

/* Begin XCConfigurationList section */
		C514EB2F2A57AFA700CF5BB6 /* Build configuration list for PBXProject "Swift_tutorial_RxSwift" */ = {
			isa = XCConfigurationList;
			buildConfigurations = (
				C514EB462A57AFAF00CF5BB6 /* Debug */,
				C514EB472A57AFAF00CF5BB6 /* Release */,
			);
			defaultConfigurationIsVisible = 0;
			defaultConfigurationName = Release;
		};
		C514EB482A57AFAF00CF5BB6 /* Build configuration list for PBXNativeTarget "Swift_tutorial_RxSwift" */ = {
			isa = XCConfigurationList;
			buildConfigurations = (
				C514EB492A57AFAF00CF5BB6 /* Debug */,
				C514EB4A2A57AFAF00CF5BB6 /* Release */,
			);
			defaultConfigurationIsVisible = 0;
			defaultConfigurationName = Release;
		};
/* End XCConfigurationList section */
	};
	rootObject = C514EB2C2A57AFA700CF5BB6 /* Project object */;
}
